
Microsoft Visual Studio Solution File, Format Version 12.00
# Visual Studio 15
VisualStudioVersion = 15.0.26430.16
MinimumVisualStudioVersion = 10.0.40219.1
Project("{FAE04EC0-301F-11D3-BF4B-00C04F79EFBC}") = "Mikes_Bikes", "Mikes_Bikes\Mikes_Bikes.csproj", "{A3BB74CE-4D72-42CC-8733-F5FCDF6E829F}"
EndProject
Global
	GlobalSection(SolutionConfigurationPlatforms) = preSolution
		Debug|Any CPU = Debug|Any CPU
		Release|Any CPU = Release|Any CPU
	EndGlobalSection
	GlobalSection(ProjectConfigurationPlatforms) = postSolution
		{A3BB74CE-4D72-42CC-8733-F5FCDF6E829F}.Debug|Any CPU.ActiveCfg = Debug|Any CPU
		{A3BB74CE-4D72-42CC-8733-F5FCDF6E829F}.Debug|Any CPU.Build.0 = Debug|Any CPU
		{A3BB74CE-4D72-42CC-8733-F5FCDF6E829F}.Release|Any CPU.ActiveCfg = Release|Any CPU
		{A3BB74CE-4D72-42CC-8733-F5FCDF6E829F}.Release|Any CPU.Build.0 = Release|Any CPU
	EndGlobalSection
	GlobalSection(SolutionProperties) = preSolution
		HideSolutionNode = FALSE
	EndGlobalSection
EndGlobal
